// !$*UTF8*$!
{
	archiveVersion = 1;
	classes = {
	};
	objectVersion = 46;
	objects = {

/* Begin PBXBuildFile section */
		4800D7CC89940C7FDCD8C1FD /* Pods.framework in Frameworks */ = {isa = PBXBuildFile; fileRef = 873DBCAA4D7BB480567E24A1 /* Pods.framework */; };
		DF0761E91C7E3A6D002C9158 /* Extra.swift in Sources */ = {isa = PBXBuildFile; fileRef = DF0761E81C7E3A6D002C9158 /* Extra.swift */; };
		DF0761EB1C7E418D002C9158 /* StyleConstants.swift in Sources */ = {isa = PBXBuildFile; fileRef = DF0761EA1C7E418D002C9158 /* StyleConstants.swift */; };
		DF7EF80F1C97291D00C21D73 /* MainTabBarController.swift in Sources */ = {isa = PBXBuildFile; fileRef = DF7EF80E1C97291D00C21D73 /* MainTabBarController.swift */; };
		DF7EF8111C972E0A00C21D73 /* MainNavigationController.swift in Sources */ = {isa = PBXBuildFile; fileRef = DF7EF8101C972E0A00C21D73 /* MainNavigationController.swift */; };
		DF90AFB11CC03CAD00755D71 /* CardView.xib in Resources */ = {isa = PBXBuildFile; fileRef = DF90AFB01CC03CAD00755D71 /* CardView.xib */; };
		DFA3CE5A1C7C27DC002584A1 /* AppDelegate.swift in Sources */ = {isa = PBXBuildFile; fileRef = DFA3CE591C7C27DC002584A1 /* AppDelegate.swift */; };
		DFA3CE5F1C7C27DC002584A1 /* Main.storyboard in Resources */ = {isa = PBXBuildFile; fileRef = DFA3CE5D1C7C27DC002584A1 /* Main.storyboard */; };
		DFA3CE621C7C27DC002584A1 /* BuzzMovie.xcdatamodeld in Sources */ = {isa = PBXBuildFile; fileRef = DFA3CE601C7C27DC002584A1 /* BuzzMovie.xcdatamodeld */; };
		DFA3CE641C7C27DC002584A1 /* Assets.xcassets in Resources */ = {isa = PBXBuildFile; fileRef = DFA3CE631C7C27DC002584A1 /* Assets.xcassets */; };
		DFA3CE671C7C27DC002584A1 /* LaunchScreen.storyboard in Resources */ = {isa = PBXBuildFile; fileRef = DFA3CE651C7C27DC002584A1 /* LaunchScreen.storyboard */; };
		DFA3CE741C7D0E80002584A1 /* HomeTableViewController.swift in Sources */ = {isa = PBXBuildFile; fileRef = DFA3CE731C7D0E80002584A1 /* HomeTableViewController.swift */; };
		DFA3CE761C7D0E96002584A1 /* Cells.swift in Sources */ = {isa = PBXBuildFile; fileRef = DFA3CE751C7D0E96002584A1 /* Cells.swift */; };
		DFA3CE7A1C7D1133002584A1 /* Movie.swift in Sources */ = {isa = PBXBuildFile; fileRef = DFA3CE791C7D1133002584A1 /* Movie.swift */; };
		DFBCF56E1C7D2BC20025BDC8 /* ProfileViewController.swift in Sources */ = {isa = PBXBuildFile; fileRef = DFBCF56D1C7D2BC20025BDC8 /* ProfileViewController.swift */; };
		DFBCF5711C7D38440025BDC8 /* toystory3.jpg in Resources */ = {isa = PBXBuildFile; fileRef = DFBCF5701C7D38440025BDC8 /* toystory3.jpg */; };
		DFBCF5761C7D42630025BDC8 /* MovieTableViewCell.xib in Resources */ = {isa = PBXBuildFile; fileRef = DFBCF5751C7D42630025BDC8 /* MovieTableViewCell.xib */; };
		DFBCF5781C7D454D0025BDC8 /* loginbackground.png in Resources */ = {isa = PBXBuildFile; fileRef = DFBCF5771C7D454D0025BDC8 /* loginbackground.png */; };
		DFBCF57B1C7D4DCF0025BDC8 /* LoginViewController.swift in Sources */ = {isa = PBXBuildFile; fileRef = DFBCF57A1C7D4DCF0025BDC8 /* LoginViewController.swift */; };
		DFE094BE1CA8B92A0024C2B2 /* SearchTableViewCell.xib in Resources */ = {isa = PBXBuildFile; fileRef = DFE094BD1CA8B92A0024C2B2 /* SearchTableViewCell.xib */; };
		DFE094C01CA8C8490024C2B2 /* SearchTableViewController.swift in Sources */ = {isa = PBXBuildFile; fileRef = DFE094BF1CA8C8490024C2B2 /* SearchTableViewController.swift */; };
/* End PBXBuildFile section */

/* Begin PBXFileReference section */
		61E2FA16977FC6C3B972DD7C /* Pods.debug.xcconfig */ = {isa = PBXFileReference; includeInIndex = 1; lastKnownFileType = text.xcconfig; name = Pods.debug.xcconfig; path = "Pods/Target Support Files/Pods/Pods.debug.xcconfig"; sourceTree = "<group>"; };
		6E4EE24C7E5556AE26DDC292 /* Pods.release.xcconfig */ = {isa = PBXFileReference; includeInIndex = 1; lastKnownFileType = text.xcconfig; name = Pods.release.xcconfig; path = "Pods/Target Support Files/Pods/Pods.release.xcconfig"; sourceTree = "<group>"; };
		873DBCAA4D7BB480567E24A1 /* Pods.framework */ = {isa = PBXFileReference; explicitFileType = wrapper.framework; includeInIndex = 0; path = Pods.framework; sourceTree = BUILT_PRODUCTS_DIR; };
		DF0761E81C7E3A6D002C9158 /* Extra.swift */ = {isa = PBXFileReference; fileEncoding = 4; lastKnownFileType = sourcecode.swift; name = Extra.swift; path = Other/Extra.swift; sourceTree = "<group>"; };
		DF0761EA1C7E418D002C9158 /* StyleConstants.swift */ = {isa = PBXFileReference; fileEncoding = 4; lastKnownFileType = sourcecode.swift; name = StyleConstants.swift; path = Other/StyleConstants.swift; sourceTree = "<group>"; };
		DF7EF80E1C97291D00C21D73 /* MainTabBarController.swift */ = {isa = PBXFileReference; fileEncoding = 4; lastKnownFileType = sourcecode.swift; name = MainTabBarController.swift; path = ViewControllers/MainTabBarController.swift; sourceTree = "<group>"; };
		DF7EF8101C972E0A00C21D73 /* MainNavigationController.swift */ = {isa = PBXFileReference; fileEncoding = 4; lastKnownFileType = sourcecode.swift; name = MainNavigationController.swift; path = ViewControllers/MainNavigationController.swift; sourceTree = "<group>"; };
		DF90AFB01CC03CAD00755D71 /* CardView.xib */ = {isa = PBXFileReference; fileEncoding = 4; lastKnownFileType = file.xib; path = CardView.xib; sourceTree = "<group>"; };
		DFA3CE561C7C27DB002584A1 /* BuzzMovie.app */ = {isa = PBXFileReference; explicitFileType = wrapper.application; includeInIndex = 0; path = BuzzMovie.app; sourceTree = BUILT_PRODUCTS_DIR; };
		DFA3CE591C7C27DC002584A1 /* AppDelegate.swift */ = {isa = PBXFileReference; lastKnownFileType = sourcecode.swift; path = AppDelegate.swift; sourceTree = "<group>"; };
		DFA3CE5E1C7C27DC002584A1 /* Base */ = {isa = PBXFileReference; lastKnownFileType = file.storyboard; name = Base; path = Base.lproj/Main.storyboard; sourceTree = "<group>"; };
		DFA3CE611C7C27DC002584A1 /* BuzzMovie.xcdatamodel */ = {isa = PBXFileReference; lastKnownFileType = wrapper.xcdatamodel; path = BuzzMovie.xcdatamodel; sourceTree = "<group>"; };
		DFA3CE631C7C27DC002584A1 /* Assets.xcassets */ = {isa = PBXFileReference; lastKnownFileType = folder.assetcatalog; path = Assets.xcassets; sourceTree = "<group>"; };
		DFA3CE661C7C27DC002584A1 /* Base */ = {isa = PBXFileReference; lastKnownFileType = file.storyboard; name = Base; path = Base.lproj/LaunchScreen.storyboard; sourceTree = "<group>"; };
		DFA3CE681C7C27DC002584A1 /* Info.plist */ = {isa = PBXFileReference; lastKnownFileType = text.plist.xml; path = Info.plist; sourceTree = "<group>"; };
		DFA3CE731C7D0E80002584A1 /* HomeTableViewController.swift */ = {isa = PBXFileReference; fileEncoding = 4; lastKnownFileType = sourcecode.swift; name = HomeTableViewController.swift; path = ViewControllers/HomeTableViewController.swift; sourceTree = "<group>"; };
		DFA3CE751C7D0E96002584A1 /* Cells.swift */ = {isa = PBXFileReference; fileEncoding = 4; lastKnownFileType = sourcecode.swift; name = Cells.swift; path = Views/Cells.swift; sourceTree = "<group>"; };
		DFA3CE791C7D1133002584A1 /* Movie.swift */ = {isa = PBXFileReference; fileEncoding = 4; lastKnownFileType = sourcecode.swift; name = Movie.swift; path = Other/Movie.swift; sourceTree = "<group>"; };
		DFBCF56D1C7D2BC20025BDC8 /* ProfileViewController.swift */ = {isa = PBXFileReference; fileEncoding = 4; lastKnownFileType = sourcecode.swift; name = ProfileViewController.swift; path = ViewControllers/ProfileViewController.swift; sourceTree = "<group>"; };
		DFBCF5701C7D38440025BDC8 /* toystory3.jpg */ = {isa = PBXFileReference; lastKnownFileType = image.jpeg; path = toystory3.jpg; sourceTree = "<group>"; };
		DFBCF5751C7D42630025BDC8 /* MovieTableViewCell.xib */ = {isa = PBXFileReference; fileEncoding = 4; lastKnownFileType = file.xib; path = MovieTableViewCell.xib; sourceTree = "<group>"; };
		DFBCF5771C7D454D0025BDC8 /* loginbackground.png */ = {isa = PBXFileReference; lastKnownFileType = image.png; path = loginbackground.png; sourceTree = "<group>"; };
		DFBCF57A1C7D4DCF0025BDC8 /* LoginViewController.swift */ = {isa = PBXFileReference; fileEncoding = 4; lastKnownFileType = sourcecode.swift; name = LoginViewController.swift; path = ViewControllers/LoginViewController.swift; sourceTree = "<group>"; };
		DFE094BD1CA8B92A0024C2B2 /* SearchTableViewCell.xib */ = {isa = PBXFileReference; fileEncoding = 4; lastKnownFileType = file.xib; path = SearchTableViewCell.xib; sourceTree = "<group>"; };
		DFE094BF1CA8C8490024C2B2 /* SearchTableViewController.swift */ = {isa = PBXFileReference; fileEncoding = 4; lastKnownFileType = sourcecode.swift; name = SearchTableViewController.swift; path = ViewControllers/SearchTableViewController.swift; sourceTree = "<group>"; };
/* End PBXFileReference section */

/* Begin PBXFrameworksBuildPhase section */
		DFA3CE531C7C27DB002584A1 /* Frameworks */ = {
			isa = PBXFrameworksBuildPhase;
			buildActionMask = 2147483647;
			files = (
				4800D7CC89940C7FDCD8C1FD /* Pods.framework in Frameworks */,
			);
			runOnlyForDeploymentPostprocessing = 0;
		};
/* End PBXFrameworksBuildPhase section */

/* Begin PBXGroup section */
		008833B0212E8DE7A6215AA6 /* Pods */ = {
			isa = PBXGroup;
			children = (
				61E2FA16977FC6C3B972DD7C /* Pods.debug.xcconfig */,
				6E4EE24C7E5556AE26DDC292 /* Pods.release.xcconfig */,
			);
			name = Pods;
			sourceTree = "<group>";
		};
		23BC7F598FF1BB617D151E61 /* Frameworks */ = {
			isa = PBXGroup;
			children = (
				873DBCAA4D7BB480567E24A1 /* Pods.framework */,
			);
			name = Frameworks;
			sourceTree = "<group>";
		};
		DFA3CE4D1C7C27DB002584A1 = {
			isa = PBXGroup;
			children = (
				DFA3CE581C7C27DC002584A1 /* BuzzMovie */,
				DFA3CE571C7C27DB002584A1 /* Products */,
				23BC7F598FF1BB617D151E61 /* Frameworks */,
				008833B0212E8DE7A6215AA6 /* Pods */,
			);
			sourceTree = "<group>";
		};
		DFA3CE571C7C27DB002584A1 /* Products */ = {
			isa = PBXGroup;
			children = (
				DFA3CE561C7C27DB002584A1 /* BuzzMovie.app */,
			);
			name = Products;
			sourceTree = "<group>";
		};
		DFA3CE581C7C27DC002584A1 /* BuzzMovie */ = {
			isa = PBXGroup;
			children = (
				DFBCF5721C7D41DF0025BDC8 /* XIB */,
				DFA3CE701C7C29CE002584A1 /* Views */,
				DFA3CE6F1C7C2992002584A1 /* ViewControllers */,
				DFA3CE6E1C7C298F002584A1 /* Other */,
				DFBCF56F1C7D38300025BDC8 /* Assets */,
				DFA3CE5D1C7C27DC002584A1 /* Main.storyboard */,
				DFA3CE631C7C27DC002584A1 /* Assets.xcassets */,
				DFA3CE651C7C27DC002584A1 /* LaunchScreen.storyboard */,
				DFA3CE681C7C27DC002584A1 /* Info.plist */,
				DFA3CE601C7C27DC002584A1 /* BuzzMovie.xcdatamodeld */,
			);
			path = BuzzMovie;
			sourceTree = "<group>";
		};
		DFA3CE6E1C7C298F002584A1 /* Other */ = {
			isa = PBXGroup;
			children = (
				DFA3CE591C7C27DC002584A1 /* AppDelegate.swift */,
				DFA3CE791C7D1133002584A1 /* Movie.swift */,
				DF0761E81C7E3A6D002C9158 /* Extra.swift */,
				DF0761EA1C7E418D002C9158 /* StyleConstants.swift */,
			);
			name = Other;
			sourceTree = "<group>";
		};
		DFA3CE6F1C7C2992002584A1 /* ViewControllers */ = {
			isa = PBXGroup;
			children = (
				DFA3CE731C7D0E80002584A1 /* HomeTableViewController.swift */,
				DFBCF56D1C7D2BC20025BDC8 /* ProfileViewController.swift */,
				DFBCF57A1C7D4DCF0025BDC8 /* LoginViewController.swift */,
				DF7EF80E1C97291D00C21D73 /* MainTabBarController.swift */,
				DF7EF8101C972E0A00C21D73 /* MainNavigationController.swift */,
				DFE094BF1CA8C8490024C2B2 /* SearchTableViewController.swift */,
			);
			name = ViewControllers;
			sourceTree = "<group>";
		};
		DFA3CE701C7C29CE002584A1 /* Views */ = {
			isa = PBXGroup;
			children = (
				DFA3CE751C7D0E96002584A1 /* Cells.swift */,
			);
			name = Views;
			sourceTree = "<group>";
		};
		DFBCF56F1C7D38300025BDC8 /* Assets */ = {
			isa = PBXGroup;
			children = (
				DFBCF5701C7D38440025BDC8 /* toystory3.jpg */,
				DFBCF5771C7D454D0025BDC8 /* loginbackground.png */,
			);
			name = Assets;
			sourceTree = "<group>";
		};
		DFBCF5721C7D41DF0025BDC8 /* XIB */ = {
			isa = PBXGroup;
			children = (
				DFBCF5751C7D42630025BDC8 /* MovieTableViewCell.xib */,
				DFE094BD1CA8B92A0024C2B2 /* SearchTableViewCell.xib */,
				DF90AFB01CC03CAD00755D71 /* CardView.xib */,
			);
			name = XIB;
			sourceTree = "<group>";
		};
/* End PBXGroup section */

/* Begin PBXNativeTarget section */
		DFA3CE551C7C27DB002584A1 /* BuzzMovie */ = {
			isa = PBXNativeTarget;
			buildConfigurationList = DFA3CE6B1C7C27DC002584A1 /* Build configuration list for PBXNativeTarget "BuzzMovie" */;
			buildPhases = (
				941CF468B55BB369FDB7C0F1 /* Check Pods Manifest.lock */,
				DFA3CE521C7C27DB002584A1 /* Sources */,
				DFA3CE531C7C27DB002584A1 /* Frameworks */,
				DFA3CE541C7C27DB002584A1 /* Resources */,
				AFBF5DE8F14521082E771560 /* Embed Pods Frameworks */,
				8684BD8329F2A0E65DD991B8 /* Copy Pods Resources */,
			);
			buildRules = (
			);
			dependencies = (
			);
			name = BuzzMovie;
			productName = BuzzMovie;
			productReference = DFA3CE561C7C27DB002584A1 /* BuzzMovie.app */;
			productType = "com.apple.product-type.application";
		};
/* End PBXNativeTarget section */

/* Begin PBXProject section */
		DFA3CE4E1C7C27DB002584A1 /* Project object */ = {
			isa = PBXProject;
			attributes = {
				LastSwiftUpdateCheck = 0720;
				LastUpgradeCheck = 0720;
				ORGANIZATIONNAME = DK;
				TargetAttributes = {
					DFA3CE551C7C27DB002584A1 = {
						CreatedOnToolsVersion = 7.2;
						DevelopmentTeam = ALVVSFF263;
					};
				};
			};
			buildConfigurationList = DFA3CE511C7C27DB002584A1 /* Build configuration list for PBXProject "BuzzMovie" */;
			compatibilityVersion = "Xcode 3.2";
			developmentRegion = English;
			hasScannedForEncodings = 0;
			knownRegions = (
				en,
				Base,
			);
			mainGroup = DFA3CE4D1C7C27DB002584A1;
			productRefGroup = DFA3CE571C7C27DB002584A1 /* Products */;
			projectDirPath = "";
			projectRoot = "";
			targets = (
				DFA3CE551C7C27DB002584A1 /* BuzzMovie */,
			);
		};
/* End PBXProject section */

/* Begin PBXResourcesBuildPhase section */
		DFA3CE541C7C27DB002584A1 /* Resources */ = {
			isa = PBXResourcesBuildPhase;
			buildActionMask = 2147483647;
			files = (
				DFBCF5711C7D38440025BDC8 /* toystory3.jpg in Resources */,
				DF90AFB11CC03CAD00755D71 /* CardView.xib in Resources */,
				DFBCF5781C7D454D0025BDC8 /* loginbackground.png in Resources */,
				DFBCF5761C7D42630025BDC8 /* MovieTableViewCell.xib in Resources */,
				DFA3CE671C7C27DC002584A1 /* LaunchScreen.storyboard in Resources */,
				DFE094BE1CA8B92A0024C2B2 /* SearchTableViewCell.xib in Resources */,
				DFA3CE641C7C27DC002584A1 /* Assets.xcassets in Resources */,
				DFA3CE5F1C7C27DC002584A1 /* Main.storyboard in Resources */,
			);
			runOnlyForDeploymentPostprocessing = 0;
		};
/* End PBXResourcesBuildPhase section */

/* Begin PBXShellScriptBuildPhase section */
		8684BD8329F2A0E65DD991B8 /* Copy Pods Resources */ = {
			isa = PBXShellScriptBuildPhase;
			buildActionMask = 2147483647;
			files = (
			);
			inputPaths = (
			);
			name = "Copy Pods Resources";
			outputPaths = (
			);
			runOnlyForDeploymentPostprocessing = 0;
			shellPath = /bin/sh;
			shellScript = "\"${SRCROOT}/Pods/Target Support Files/Pods/Pods-resources.sh\"\n";
			showEnvVarsInLog = 0;
		};
		941CF468B55BB369FDB7C0F1 /* Check Pods Manifest.lock */ = {
			isa = PBXShellScriptBuildPhase;
			buildActionMask = 2147483647;
			files = (
			);
			inputPaths = (
			);
			name = "Check Pods Manifest.lock";
			outputPaths = (
			);
			runOnlyForDeploymentPostprocessing = 0;
			shellPath = /bin/sh;
			shellScript = "diff \"${PODS_ROOT}/../Podfile.lock\" \"${PODS_ROOT}/Manifest.lock\" > /dev/null\nif [[ $? != 0 ]] ; then\n    cat << EOM\nerror: The sandbox is not in sync with the Podfile.lock. Run 'pod install' or update your CocoaPods installation.\nEOM\n    exit 1\nfi\n";
			showEnvVarsInLog = 0;
		};
		AFBF5DE8F14521082E771560 /* Embed Pods Frameworks */ = {
			isa = PBXShellScriptBuildPhase;
			buildActionMask = 2147483647;
			files = (
			);
			inputPaths = (
			);
			name = "Embed Pods Frameworks";
			outputPaths = (
			);
			runOnlyForDeploymentPostprocessing = 0;
			shellPath = /bin/sh;
			shellScript = "\"${SRCROOT}/Pods/Target Support Files/Pods/Pods-frameworks.sh\"\n";
			showEnvVarsInLog = 0;
		};
/* End PBXShellScriptBuildPhase section */

/* Begin PBXSourcesBuildPhase section */
		DFA3CE521C7C27DB002584A1 /* Sources */ = {
			isa = PBXSourcesBuildPhase;
			buildActionMask = 2147483647;
			files = (
				DFA3CE741C7D0E80002584A1 /* HomeTableViewController.swift in Sources */,
				DFA3CE7A1C7D1133002584A1 /* Movie.swift in Sources */,
				DFA3CE5A1C7C27DC002584A1 /* AppDelegate.swift in Sources */,
				DF7EF80F1C97291D00C21D73 /* MainTabBarController.swift in Sources */,
				DFBCF57B1C7D4DCF0025BDC8 /* LoginViewController.swift in Sources */,
				DFBCF56E1C7D2BC20025BDC8 /* ProfileViewController.swift in Sources */,
				DF7EF8111C972E0A00C21D73 /* MainNavigationController.swift in Sources */,
				DFE094C01CA8C8490024C2B2 /* SearchTableViewController.swift in Sources */,
				DF0761E91C7E3A6D002C9158 /* Extra.swift in Sources */,
				DFA3CE621C7C27DC002584A1 /* BuzzMovie.xcdatamodeld in Sources */,
				DF0761EB1C7E418D002C9158 /* StyleConstants.swift in Sources */,
				DFA3CE761C7D0E96002584A1 /* Cells.swift in Sources */,
			);
			runOnlyForDeploymentPostprocessing = 0;
		};
/* End PBXSourcesBuildPhase section */

/* Begin PBXVariantGroup section */
		DFA3CE5D1C7C27DC002584A1 /* Main.storyboard */ = {
			isa = PBXVariantGroup;
			children = (
				DFA3CE5E1C7C27DC002584A1 /* Base */,
			);
			name = Main.storyboard;
			sourceTree = "<group>";
		};
		DFA3CE651C7C27DC002584A1 /* LaunchScreen.storyboard */ = {
			isa = PBXVariantGroup;
			children = (
				DFA3CE661C7C27DC002584A1 /* Base */,
			);
			name = LaunchScreen.storyboard;
			sourceTree = "<group>";
		};
/* End PBXVariantGroup section */

/* Begin XCBuildConfiguration section */
		DFA3CE691C7C27DC002584A1 /* Debug */ = {
			isa = XCBuildConfiguration;
			buildSettings = {
				ALWAYS_SEARCH_USER_PATHS = NO;
				CLANG_CXX_LANGUAGE_STANDARD = "gnu++0x";
				CLANG_CXX_LIBRARY = "libc++";
				CLANG_ENABLE_MODULES = YES;
				CLANG_ENABLE_OBJC_ARC = YES;
				CLANG_WARN_BOOL_CONVERSION = YES;
				CLANG_WARN_CONSTANT_CONVERSION = YES;
				CLANG_WARN_DIRECT_OBJC_ISA_USAGE = YES_ERROR;
				CLANG_WARN_EMPTY_BODY = YES;
				CLANG_WARN_ENUM_CONVERSION = YES;
				CLANG_WARN_INT_CONVERSION = YES;
				CLANG_WARN_OBJC_ROOT_CLASS = YES_ERROR;
				CLANG_WARN_UNREACHABLE_CODE = YES;
				CLANG_WARN__DUPLICATE_METHOD_MATCH = YES;
				"CODE_SIGN_IDENTITY[sdk=iphoneos*]" = "iPhone Developer";
				COPY_PHASE_STRIP = NO;
				DEBUG_INFORMATION_FORMAT = dwarf;
				ENABLE_STRICT_OBJC_MSGSEND = YES;
				ENABLE_TESTABILITY = YES;
				GCC_C_LANGUAGE_STANDARD = gnu99;
				GCC_DYNAMIC_NO_PIC = NO;
				GCC_NO_COMMON_BLOCKS = YES;
				GCC_OPTIMIZATION_LEVEL = 0;
				GCC_PREPROCESSOR_DEFINITIONS = (
					"DEBUG=1",
					"$(inherited)",
				);
				GCC_WARN_64_TO_32_BIT_CONVERSION = YES;
				GCC_WARN_ABOUT_RETURN_TYPE = YES_ERROR;
				GCC_WARN_UNDECLARED_SELECTOR = YES;
				GCC_WARN_UNINITIALIZED_AUTOS = YES_AGGRESSIVE;
				GCC_WARN_UNUSED_FUNCTION = YES;
				GCC_WARN_UNUSED_VARIABLE = YES;
				IPHONEOS_DEPLOYMENT_TARGET = 9.2;
				MTL_ENABLE_DEBUG_INFO = YES;
				ONLY_ACTIVE_ARCH = YES;
				SDKROOT = iphoneos;
				SWIFT_OPTIMIZATION_LEVEL = "-Onone";
				TARGETED_DEVICE_FAMILY = "1,2";
			};
			name = Debug;
		};
		DFA3CE6A1C7C27DC002584A1 /* Release */ = {
			isa = XCBuildConfiguration;
			buildSettings = {
				ALWAYS_SEARCH_USER_PATHS = NO;
				CLANG_CXX_LANGUAGE_STANDARD = "gnu++0x";
				CLANG_CXX_LIBRARY = "libc++";
				CLANG_ENABLE_MODULES = YES;
				CLANG_ENABLE_OBJC_ARC = YES;
				CLANG_WARN_BOOL_CONVERSION = YES;
				CLANG_WARN_CONSTANT_CONVERSION = YES;
				CLANG_WARN_DIRECT_OBJC_ISA_USAGE = YES_ERROR;
				CLANG_WARN_EMPTY_BODY = YES;
				CLANG_WARN_ENUM_CONVERSION = YES;
				CLANG_WARN_INT_CONVERSION = YES;
				CLANG_WARN_OBJC_ROOT_CLASS = YES_ERROR;
				CLANG_WARN_UNREACHABLE_CODE = YES;
				CLANG_WARN__DUPLICATE_METHOD_MATCH = YES;
				"CODE_SIGN_IDENTITY[sdk=iphoneos*]" = "iPhone Developer";
				COPY_PHASE_STRIP = NO;
				DEBUG_INFORMATION_FORMAT = "dwarf-with-dsym";
				ENABLE_NS_ASSERTIONS = NO;
				ENABLE_STRICT_OBJC_MSGSEND = YES;
				GCC_C_LANGUAGE_STANDARD = gnu99;
				GCC_NO_COMMON_BLOCKS = YES;
				GCC_WARN_64_TO_32_BIT_CONVERSION = YES;
				GCC_WARN_ABOUT_RETURN_TYPE = YES_ERROR;
				GCC_WARN_UNDECLARED_SELECTOR = YES;
				GCC_WARN_UNINITIALIZED_AUTOS = YES_AGGRESSIVE;
				GCC_WARN_UNUSED_FUNCTION = YES;
				GCC_WARN_UNUSED_VARIABLE = YES;
				IPHONEOS_DEPLOYMENT_TARGET = 9.2;
				MTL_ENABLE_DEBUG_INFO = NO;
				SDKROOT = iphoneos;
				TARGETED_DEVICE_FAMILY = "1,2";
				VALIDATE_PRODUCT = YES;
			};
			name = Release;
		};
		DFA3CE6C1C7C27DC002584A1 /* Debug */ = {
			isa = XCBuildConfiguration;
			baseConfigurationReference = 61E2FA16977FC6C3B972DD7C /* Pods.debug.xcconfig */;
			buildSettings = {
				ASSETCATALOG_COMPILER_APPICON_NAME = AppIcon;
				CODE_SIGN_IDENTITY = "iPhone Developer";
				"CODE_SIGN_IDENTITY[sdk=iphoneos*]" = "iPhone Developer";
				INFOPLIST_FILE = BuzzMovie/Info.plist;
				LD_RUNPATH_SEARCH_PATHS = "$(inherited) @executable_path/Frameworks";
				PRODUCT_BUNDLE_IDENTIFIER = DK.BuzzMovie;
				PRODUCT_NAME = "$(TARGET_NAME)";
				PROVISIONING_PROFILE = "";
			};
			name = Debug;
		};
		DFA3CE6D1C7C27DC002584A1 /* Release */ = {
			isa = XCBuildConfiguration;
			baseConfigurationReference = 6E4EE24C7E5556AE26DDC292 /* Pods.release.xcconfig */;
			buildSettings = {
				ASSETCATALOG_COMPILER_APPICON_NAME = AppIcon;
				CODE_SIGN_IDENTITY = "iPhone Developer";
				"CODE_SIGN_IDENTITY[sdk=iphoneos*]" = "iPhone Developer";
				INFOPLIST_FILE = BuzzMovie/Info.plist;
				LD_RUNPATH_SEARCH_PATHS = "$(inherited) @executable_path/Frameworks";
				PRODUCT_BUNDLE_IDENTIFIER = DK.BuzzMovie;
				PRODUCT_NAME = "$(TARGET_NAME)";
				PROVISIONING_PROFILE = "";
			};
			name = Release;
		};
/* End XCBuildConfiguration section */

/* Begin XCConfigurationList section */
		DFA3CE511C7C27DB002584A1 /* Build configuration list for PBXProject "BuzzMovie" */ = {
			isa = XCConfigurationList;
			buildConfigurations = (
				DFA3CE691C7C27DC002584A1 /* Debug */,
				DFA3CE6A1C7C27DC002584A1 /* Release */,
			);
			defaultConfigurationIsVisible = 0;
			defaultConfigurationName = Release;
		};
		DFA3CE6B1C7C27DC002584A1 /* Build configuration list for PBXNativeTarget "BuzzMovie" */ = {
			isa = XCConfigurationList;
			buildConfigurations = (
				DFA3CE6C1C7C27DC002584A1 /* Debug */,
				DFA3CE6D1C7C27DC002584A1 /* Release */,
			);
			defaultConfigurationIsVisible = 0;
			defaultConfigurationName = Release;
		};
/* End XCConfigurationList section */

/* Begin XCVersionGroup section */
		DFA3CE601C7C27DC002584A1 /* BuzzMovie.xcdatamodeld */ = {
			isa = XCVersionGroup;
			children = (
				DFA3CE611C7C27DC002584A1 /* BuzzMovie.xcdatamodel */,
			);
			currentVersion = DFA3CE611C7C27DC002584A1 /* BuzzMovie.xcdatamodel */;
			path = BuzzMovie.xcdatamodeld;
			sourceTree = "<group>";
			versionGroupType = wrapper.xcdatamodel;
		};
/* End XCVersionGroup section */
	};
	rootObject = DFA3CE4E1C7C27DB002584A1 /* Project object */;
}
